
Microsoft Visual Studio Solution File, Format Version 12.00
# Visual Studio 15
VisualStudioVersion = 15.0.26228.9
MinimumVisualStudioVersion = 10.0.40219.1
Project("{FAE04EC0-301F-11D3-BF4B-00C04F79EFBC}") = "picoplaca", "picoplaca\picoplaca.csproj", "{C90A3BCA-7B92-401D-A25D-CA302F8DD1F4}"
EndProject
Project("{FAE04EC0-301F-11D3-BF4B-00C04F79EFBC}") = "picoplacaTest", "picoplacaTest\picoplacaTest.csproj", "{589B0287-F6E2-42DF-964F-AD1BB7F70EB7}"
EndProject
Project("{FAE04EC0-301F-11D3-BF4B-00C04F79EFBC}") = "UnitTest2", "UnitTest2\UnitTest2.csproj", "{F31F1EEA-91F3-4D94-A112-E802D5BB9C22}"
EndProject
Project("{FAE04EC0-301F-11D3-BF4B-00C04F79EFBC}") = "UnitTestInBetween", "UnitTestInBetween\UnitTestInBetween.csproj", "{DDCDD2CF-A2C1-4BC9-B758-05753A0BDA2B}"
EndProject
Project("{FAE04EC0-301F-11D3-BF4B-00C04F79EFBC}") = "UnitTest4", "UnitTest4\UnitTest4.csproj", "{B72FD0CD-D6BC-4FC1-A6F8-87C44A4A97F4}"
EndProject
Global
	GlobalSection(SolutionConfigurationPlatforms) = preSolution
		Debug|Any CPU = Debug|Any CPU
		Release|Any CPU = Release|Any CPU
	EndGlobalSection
	GlobalSection(ProjectConfigurationPlatforms) = postSolution
		{C90A3BCA-7B92-401D-A25D-CA302F8DD1F4}.Debug|Any CPU.ActiveCfg = Debug|Any CPU
		{C90A3BCA-7B92-401D-A25D-CA302F8DD1F4}.Debug|Any CPU.Build.0 = Debug|Any CPU
		{C90A3BCA-7B92-401D-A25D-CA302F8DD1F4}.Release|Any CPU.ActiveCfg = Release|Any CPU
		{C90A3BCA-7B92-401D-A25D-CA302F8DD1F4}.Release|Any CPU.Build.0 = Release|Any CPU
		{589B0287-F6E2-42DF-964F-AD1BB7F70EB7}.Debug|Any CPU.ActiveCfg = Debug|Any CPU
		{589B0287-F6E2-42DF-964F-AD1BB7F70EB7}.Debug|Any CPU.Build.0 = Debug|Any CPU
		{589B0287-F6E2-42DF-964F-AD1BB7F70EB7}.Release|Any CPU.ActiveCfg = Release|Any CPU
		{589B0287-F6E2-42DF-964F-AD1BB7F70EB7}.Release|Any CPU.Build.0 = Release|Any CPU
		{F31F1EEA-91F3-4D94-A112-E802D5BB9C22}.Debug|Any CPU.ActiveCfg = Debug|Any CPU
		{F31F1EEA-91F3-4D94-A112-E802D5BB9C22}.Debug|Any CPU.Build.0 = Debug|Any CPU
		{F31F1EEA-91F3-4D94-A112-E802D5BB9C22}.Release|Any CPU.ActiveCfg = Release|Any CPU
		{F31F1EEA-91F3-4D94-A112-E802D5BB9C22}.Release|Any CPU.Build.0 = Release|Any CPU
		{DDCDD2CF-A2C1-4BC9-B758-05753A0BDA2B}.Debug|Any CPU.ActiveCfg = Debug|Any CPU
		{DDCDD2CF-A2C1-4BC9-B758-05753A0BDA2B}.Debug|Any CPU.Build.0 = Debug|Any CPU
		{DDCDD2CF-A2C1-4BC9-B758-05753A0BDA2B}.Release|Any CPU.ActiveCfg = Release|Any CPU
		{DDCDD2CF-A2C1-4BC9-B758-05753A0BDA2B}.Release|Any CPU.Build.0 = Release|Any CPU
		{B72FD0CD-D6BC-4FC1-A6F8-87C44A4A97F4}.Debug|Any CPU.ActiveCfg = Debug|Any CPU
		{B72FD0CD-D6BC-4FC1-A6F8-87C44A4A97F4}.Debug|Any CPU.Build.0 = Debug|Any CPU
		{B72FD0CD-D6BC-4FC1-A6F8-87C44A4A97F4}.Release|Any CPU.ActiveCfg = Release|Any CPU
		{B72FD0CD-D6BC-4FC1-A6F8-87C44A4A97F4}.Release|Any CPU.Build.0 = Release|Any CPU
	EndGlobalSection
	GlobalSection(SolutionProperties) = preSolution
		HideSolutionNode = FALSE
	EndGlobalSection
EndGlobal
